
Microsoft Visual Studio Solution File, Format Version 12.00
Project("{FAE04EC0-301F-11D3-BF4B-00C04F79EFBC}") = "MyLib", "MyLib\MyLib.csproj", "{F701CAA4-A0B7-4CEB-B766-2F96727C4023}"
EndProject
Project("{FAE04EC0-301F-11D3-BF4B-00C04F79EFBC}") = "MyLib.Test", "MyLib.Test\MyLib.Test.csproj", "{21AE7B6E-16A4-43BC-B39E-1B2AAD26FE61}"
EndProject
Project("{FAE04EC0-301F-11D3-BF4B-00C04F79EFBC}") = "ShowCase", "ShowCase\ShowCase.csproj", "{809F7142-505C-481D-B5E2-7A64958B9EBA}"
EndProject
Global
	GlobalSection(SolutionConfigurationPlatforms) = preSolution
		Debug|Any CPU = Debug|Any CPU
		Release|Any CPU = Release|Any CPU
	EndGlobalSection
	GlobalSection(ProjectConfigurationPlatforms) = postSolution
		{F701CAA4-A0B7-4CEB-B766-2F96727C4023}.Debug|Any CPU.ActiveCfg = Debug|Any CPU
		{F701CAA4-A0B7-4CEB-B766-2F96727C4023}.Debug|Any CPU.Build.0 = Debug|Any CPU
		{F701CAA4-A0B7-4CEB-B766-2F96727C4023}.Release|Any CPU.ActiveCfg = Release|Any CPU
		{F701CAA4-A0B7-4CEB-B766-2F96727C4023}.Release|Any CPU.Build.0 = Release|Any CPU
		{21AE7B6E-16A4-43BC-B39E-1B2AAD26FE61}.Debug|Any CPU.ActiveCfg = Debug|Any CPU
		{21AE7B6E-16A4-43BC-B39E-1B2AAD26FE61}.Debug|Any CPU.Build.0 = Debug|Any CPU
		{21AE7B6E-16A4-43BC-B39E-1B2AAD26FE61}.Release|Any CPU.ActiveCfg = Release|Any CPU
		{21AE7B6E-16A4-43BC-B39E-1B2AAD26FE61}.Release|Any CPU.Build.0 = Release|Any CPU
		{809F7142-505C-481D-B5E2-7A64958B9EBA}.Debug|Any CPU.ActiveCfg = Debug|Any CPU
		{809F7142-505C-481D-B5E2-7A64958B9EBA}.Debug|Any CPU.Build.0 = Debug|Any CPU
		{809F7142-505C-481D-B5E2-7A64958B9EBA}.Release|Any CPU.ActiveCfg = Release|Any CPU
		{809F7142-505C-481D-B5E2-7A64958B9EBA}.Release|Any CPU.Build.0 = Release|Any CPU
	EndGlobalSection
EndGlobal
